
Microsoft Visual Studio Solution File, Format Version 12.00
# Visual Studio Version 16
VisualStudioVersion = 16.0.30413.136
MinimumVisualStudioVersion = 10.0.40219.1
Project("{FAE04EC0-301F-11D3-BF4B-00C04F79EFBC}") = "WebApplication2", "WebApplication2\WebApplication2.csproj", "{F3463F6F-D458-460B-87F6-E8A0EF0DB344}"
EndProject
Global
	GlobalSection(SolutionConfigurationPlatforms) = preSolution
		Debug|Any CPU = Debug|Any CPU
		Release|Any CPU = Release|Any CPU
	EndGlobalSection
	GlobalSection(ProjectConfigurationPlatforms) = postSolution
		{F3463F6F-D458-460B-87F6-E8A0EF0DB344}.Debug|Any CPU.ActiveCfg = Debug|Any CPU
		{F3463F6F-D458-460B-87F6-E8A0EF0DB344}.Debug|Any CPU.Build.0 = Debug|Any CPU
		{F3463F6F-D458-460B-87F6-E8A0EF0DB344}.Release|Any CPU.ActiveCfg = Release|Any CPU
		{F3463F6F-D458-460B-87F6-E8A0EF0DB344}.Release|Any CPU.Build.0 = Release|Any CPU
	EndGlobalSection
	GlobalSection(SolutionProperties) = preSolution
		HideSolutionNode = FALSE
	EndGlobalSection
	GlobalSection(ExtensibilityGlobals) = postSolution
		SolutionGuid = {CDCB6004-91FF-4EC4-997E-64796E8C9147}
	EndGlobalSection
EndGlobal
